
Microsoft Visual Studio Solution File, Format Version 12.00
# Visual Studio 15
VisualStudioVersion = 15.0.28307.852
MinimumVisualStudioVersion = 10.0.40219.1
Project("{E24C65DC-7377-472B-9ABA-BC803B73C61A}") = "Project484", "Project484\", "{68E67A22-4A4A-4573-9CBA-950AADADE733}"
	ProjectSection(WebsiteProperties) = preProject
		TargetFrameworkMoniker = ".NETFramework,Version%3Dv4.6.1"
		Debug.AspNetCompiler.VirtualPath = "/localhost_50199"
		Debug.AspNetCompiler.PhysicalPath = "Project484\"
		Debug.AspNetCompiler.TargetPath = "PrecompiledWeb\localhost_50199\"
		Debug.AspNetCompiler.Updateable = "true"
		Debug.AspNetCompiler.ForceOverwrite = "true"
		Debug.AspNetCompiler.FixedNames = "false"
		Debug.AspNetCompiler.Debug = "True"
		Release.AspNetCompiler.VirtualPath = "/localhost_50199"
		Release.AspNetCompiler.PhysicalPath = "Project484\"
		Release.AspNetCompiler.TargetPath = "PrecompiledWeb\localhost_50199\"
		Release.AspNetCompiler.Updateable = "true"
		Release.AspNetCompiler.ForceOverwrite = "true"
		Release.AspNetCompiler.FixedNames = "false"
		Release.AspNetCompiler.Debug = "False"
		VWDPort = "50199"
		SlnRelativePath = "Project484\"
		DefaultWebSiteLanguage = "Visual C#"
	EndProjectSection
EndProject
Global
	GlobalSection(SolutionConfigurationPlatforms) = preSolution
		Debug|Any CPU = Debug|Any CPU
	EndGlobalSection
	GlobalSection(ProjectConfigurationPlatforms) = postSolution
		{68E67A22-4A4A-4573-9CBA-950AADADE733}.Debug|Any CPU.ActiveCfg = Debug|Any CPU
		{68E67A22-4A4A-4573-9CBA-950AADADE733}.Debug|Any CPU.Build.0 = Debug|Any CPU
	EndGlobalSection
	GlobalSection(SolutionProperties) = preSolution
		HideSolutionNode = FALSE
	EndGlobalSection
	GlobalSection(ExtensibilityGlobals) = postSolution
		SolutionGuid = {3576936A-0681-4390-9C79-A39AEB384F87}
	EndGlobalSection
EndGlobal
